lockVersion: 2.0.0
id: f4737fb0-7722-4088-8814-c36f84b40f28
management:
  docChecksum: 7ba09a9986f7230b7abacf151bbb031b
  docVersion: 1.0.1
  speakeasyVersion: internal
  generationVersion: 2.234.3
  releaseVersion: 0.3.3
  configChecksum: 156ad65b07efcd22c7eaa3e55ecad856
  repoURL: https://github.com/speakeasy-sdks/keymate-api-python.git
  repoSubDirectory: .
  installationURL: https://github.com/speakeasy-sdks/keymate-api-python.git
  published: true
features:
  python:
    core: 4.4.2
    flattening: 2.81.1
    globalSecurity: 2.83.1
    globalServerURLs: 2.82.1
generatedFiles:
  - src/keymate_api/sdkconfiguration.py
  - src/keymate_api/sdk.py
  - pylintrc
  - setup.py
  - src/keymate_api/__init__.py
  - src/keymate_api/utils/__init__.py
  - src/keymate_api/utils/retries.py
  - src/keymate_api/utils/utils.py
  - src/keymate_api/models/errors/sdkerror.py
  - tests/helpers.py
  - src/keymate_api/models/operations/browse.py
  - src/keymate_api/models/operations/browsebyurl.py
  - src/keymate_api/models/operations/document.py
  - src/keymate_api/models/operations/fast.py
  - src/keymate_api/models/operations/halloween.py
  - src/keymate_api/models/operations/help.py
  - src/keymate_api/models/operations/hybrid.py
  - src/keymate_api/models/operations/insert.py
  - src/keymate_api/models/operations/keymate.py
  - src/keymate_api/models/operations/list.py
  - src/keymate_api/models/operations/listpdfs.py
  - src/keymate_api/models/operations/metadatakb.py
  - src/keymate_api/models/operations/pdfload.py
  - src/keymate_api/models/operations/pdfpro.py
  - src/keymate_api/models/operations/pdfsearch.py
  - src/keymate_api/models/operations/pkb.py
  - src/keymate_api/models/operations/query.py
  - src/keymate_api/models/operations/queryusersknowledgebase.py
  - src/keymate_api/models/operations/resetusersknowledgebase.py
  - src/keymate_api/models/operations/resetknowledgebase.py
  - src/keymate_api/models/operations/savetopkb.py
  - src/keymate_api/models/operations/search.py
  - src/keymate_api/models/operations/searchandbrowse.py
  - src/keymate_api/models/operations/ultrafastsearch.py
  - src/keymate_api/models/operations/upsert.py
  - src/keymate_api/models/operations/upserttousersknowledgebase.py
  - src/keymate_api/models/operations/upsertjson.py
  - src/keymate_api/models/errors/browse.py
  - src/keymate_api/models/errors/browsebyurl.py
  - src/keymate_api/models/errors/fast.py
  - src/keymate_api/models/errors/hybrid.py
  - src/keymate_api/models/errors/keymate.py
  - src/keymate_api/models/errors/search.py
  - src/keymate_api/models/errors/searchandbrowse.py
  - src/keymate_api/models/errors/ultrafastsearch.py
  - src/keymate_api/models/components/security.py
  - src/keymate_api/models/__init__.py
  - src/keymate_api/models/errors/__init__.py
  - src/keymate_api/models/operations/__init__.py
  - src/keymate_api/models/components/__init__.py
  - docs/models/operations/browserequest.md
  - docs/models/operations/browseresponseresponsebody.md
  - docs/models/operations/results.md
  - docs/models/operations/browseresponsebody.md
  - docs/models/operations/browseresponse.md
  - docs/models/operations/browsebyurlrequest.md
  - docs/models/operations/browsebyurlresponseresponsebody.md
  - docs/models/operations/browsebyurlresults.md
  - docs/models/operations/browsebyurlresponsebody.md
  - docs/models/operations/browsebyurlresponse.md
  - docs/models/operations/documentrequest.md
  - docs/models/operations/metadata.md
  - docs/models/operations/sparsevalues.md
  - docs/models/operations/matches.md
  - docs/models/operations/documentresponsebody.md
  - docs/models/operations/documentresponse.md
  - docs/models/operations/fastrequest.md
  - docs/models/operations/fastresponseresponsebody.md
  - docs/models/operations/fastresults.md
  - docs/models/operations/fastresponsebody.md
  - docs/models/operations/fastresponse.md
  - docs/models/operations/status.md
  - docs/models/operations/halloweenresponsebody.md
  - docs/models/operations/halloweenresponse.md
  - docs/models/operations/helpstatus.md
  - docs/models/operations/helpresponsebody.md
  - docs/models/operations/helpresponse.md
  - docs/models/operations/hybridrequest.md
  - docs/models/operations/hybridresponseresponsebody.md
  - docs/models/operations/hybridresults.md
  - docs/models/operations/hybridresponsebody.md
  - docs/models/operations/hybridresponse.md
  - docs/models/operations/insertrequest.md
  - docs/models/operations/insertstatus.md
  - docs/models/operations/insertresponsebody.md
  - docs/models/operations/insertresponse.md
  - docs/models/operations/keymaterequest.md
  - docs/models/operations/keymateresponseresponsebody.md
  - docs/models/operations/keymateresults.md
  - docs/models/operations/keymateresponsebody.md
  - docs/models/operations/keymateresponse.md
  - docs/models/operations/liststatus.md
  - docs/models/operations/listresponsebody.md
  - docs/models/operations/listresponse.md
  - docs/models/operations/listpdfsmetadata.md
  - docs/models/operations/listpdfssparsevalues.md
  - docs/models/operations/listpdfsmatches.md
  - docs/models/operations/listpdfsresponsebody.md
  - docs/models/operations/listpdfsresponse.md
  - docs/models/operations/metadatakbrequest.md
  - docs/models/operations/metadatakbmetadata.md
  - docs/models/operations/metadatakbsparsevalues.md
  - docs/models/operations/metadatakbmatches.md
  - docs/models/operations/metadatakbresponsebody.md
  - docs/models/operations/metadatakbresponse.md
  - docs/models/operations/pdfloadstatus.md
  - docs/models/operations/pdfloadresponsebody.md
  - docs/models/operations/pdfloadresponse.md
  - docs/models/operations/pdfprorequest.md
  - docs/models/operations/pdfprometadata.md
  - docs/models/operations/pdfprosparsevalues.md
  - docs/models/operations/pdfpromatches.md
  - docs/models/operations/pdfproresponsebody.md
  - docs/models/operations/pdfproresponse.md
  - docs/models/operations/pdfsearchrequest.md
  - docs/models/operations/pdfsearchmetadata.md
  - docs/models/operations/pdfsearchsparsevalues.md
  - docs/models/operations/pdfsearchmatches.md
  - docs/models/operations/pdfsearchresponsebody.md
  - docs/models/operations/pdfsearchresponse.md
  - docs/models/operations/pkbrequest.md
  - docs/models/operations/pkbmetadata.md
  - docs/models/operations/pkbsparsevalues.md
  - docs/models/operations/pkbmatches.md
  - docs/models/operations/pkbresponsebody.md
  - docs/models/operations/pkbresponse.md
  - docs/models/operations/queryrequest.md
  - docs/models/operations/querymetadata.md
  - docs/models/operations/querysparsevalues.md
  - docs/models/operations/querymatches.md
  - docs/models/operations/queryresponsebody.md
  - docs/models/operations/queryresponse.md
  - docs/models/operations/queryusersknowledgebaserequest.md
  - docs/models/operations/queryusersknowledgebasemetadata.md
  - docs/models/operations/queryusersknowledgebasesparsevalues.md
  - docs/models/operations/queryusersknowledgebasematches.md
  - docs/models/operations/queryusersknowledgebaseresponsebody.md
  - docs/models/operations/queryusersknowledgebaseresponse.md
  - docs/models/operations/resetusersknowledgebaserequest.md
  - docs/models/operations/resetusersknowledgebasestatus.md
  - docs/models/operations/resetusersknowledgebaseresponsebody.md
  - docs/models/operations/resetusersknowledgebaseresponse.md
  - docs/models/operations/resetknowledgebaserequest.md
  - docs/models/operations/resetknowledgebasestatus.md
  - docs/models/operations/resetknowledgebaseresponsebody.md
  - docs/models/operations/resetknowledgebaseresponse.md
  - docs/models/operations/savetopkbrequest.md
  - docs/models/operations/savetopkbstatus.md
  - docs/models/operations/savetopkbresponsebody.md
  - docs/models/operations/savetopkbresponse.md
  - docs/models/operations/searchrequest.md
  - docs/models/operations/searchresponseresponsebody.md
  - docs/models/operations/searchresults.md
  - docs/models/operations/searchresponsebody.md
  - docs/models/operations/searchresponse.md
  - docs/models/operations/searchandbrowserequest.md
  - docs/models/operations/searchandbrowseresponseresponsebody.md
  - docs/models/operations/searchandbrowseresults.md
  - docs/models/operations/searchandbrowseresponsebody.md
  - docs/models/operations/searchandbrowseresponse.md
  - docs/models/operations/ultrafastsearchrequest.md
  - docs/models/operations/ultrafastsearchresponseresponsebody.md
  - docs/models/operations/ultrafastsearchresults.md
  - docs/models/operations/ultrafastsearchresponsebody.md
  - docs/models/operations/ultrafastsearchresponse.md
  - docs/models/operations/upsertrequest.md
  - docs/models/operations/upsertstatus.md
  - docs/models/operations/upsertresponsebody.md
  - docs/models/operations/upsertresponse.md
  - docs/models/operations/upserttousersknowledgebaserequest.md
  - docs/models/operations/upserttousersknowledgebasestatus.md
  - docs/models/operations/upserttousersknowledgebaseresponsebody.md
  - docs/models/operations/upserttousersknowledgebaseresponse.md
  - docs/models/operations/upsertjsonrequestbody.md
  - docs/models/operations/upsertjsonstatus.md
  - docs/models/operations/upsertjsonresponsebody.md
  - docs/models/operations/upsertjsonresponse.md
  - docs/models/errors/browseresponsebody.md
  - docs/models/errors/browsebyurlresponsebody.md
  - docs/models/errors/fastresponsebody.md
  - docs/models/errors/hybridresponsebody.md
  - docs/models/errors/keymateresponsebody.md
  - docs/models/errors/searchresponsebody.md
  - docs/models/errors/searchandbrowseresponsebody.md
  - docs/models/errors/ultrafastsearchresponsebody.md
  - docs/models/components/security.md
  - docs/sdks/keymateapi/README.md
  - USAGE.md
  - .gitattributes
